// !$*UTF8*$!
{
	archiveVersion = 1;
	classes = {
	};
	objectVersion = 77;
	objects = {

/* Begin PBXBuildFile section */
		027F812AEE8B382577AED13A /* CalendarIntegrationTests.swift in Sources */ = {isa = PBXBuildFile; fileRef = D4FDCD64D30401BF0F54C3E4 /* CalendarIntegrationTests.swift */; };
		0BB130600A3245106E47F45F /* TrustEvent.swift in Sources */ = {isa = PBXBuildFile; fileRef = BE8910C05F3EB9EE13DA8194 /* TrustEvent.swift */; };
		0BC9658F56D7E53DCACEA2DD /* WatchConnectivityTests.swift in Sources */ = {isa = PBXBuildFile; fileRef = 8C317A9612806308FE8F1D18 /* WatchConnectivityTests.swift */; };
		1341DE522DBA0A5A962DF5C9 /* SkipPredictor.swift in Sources */ = {isa = PBXBuildFile; fileRef = 4DE1A1D668F1E5EB5341A954 /* SkipPredictor.swift */; };
		1942233D070C34019A6FAA91 /* SafetyBreakerTests.swift in Sources */ = {isa = PBXBuildFile; fileRef = CC0260D4ABF8202E13DB8990 /* SafetyBreakerTests.swift */; };
		19F17AF2A2073F8DCA64F47B /* GhostHealthMonitor.swift in Sources */ = {isa = PBXBuildFile; fileRef = 5B3BE560E565B3D60A704E9F /* GhostHealthMonitor.swift */; };
		1A078604EB10071F8BD17FF5 /* FirstInsightGeneratorTests.swift in Sources */ = {isa = PBXBuildFile; fileRef = C265C3F0BEBD5BF5DDE8E281 /* FirstInsightGeneratorTests.swift */; };
		1A17D18BEE08C620DB1FB26F /* BehavioralMemoryStore.swift in Sources */ = {isa = PBXBuildFile; fileRef = 429D966F103F58E0B763600C /* BehavioralMemoryStore.swift */; };
		1C599ED3F1A8F2F8C5F4F3BD /* ExerciseDatabase.swift in Sources */ = {isa = PBXBuildFile; fileRef = E010847C0424CA43F74EE139 /* ExerciseDatabase.swift */; };
		203E4E3944D2E881C13DB325 /* TrustAttributionTests.swift in Sources */ = {isa = PBXBuildFile; fileRef = 4964EAF1C1B030F26C069831 /* TrustAttributionTests.swift */; };
		2587FC0FA59E35BFF63E1564 /* AuthorityConflictResolver.swift in Sources */ = {isa = PBXBuildFile; fileRef = 633C0875A92D8B162F5DB7D2 /* AuthorityConflictResolver.swift */; };
		261FB841BC0F151E55B51140 /* PatternDetector.swift in Sources */ = {isa = PBXBuildFile; fileRef = 9E56114EF1A782F631D781BE /* PatternDetector.swift */; };
		2704C042D28DA7ACD17B8AD3 /* SacredTimeDetector.swift in Sources */ = {isa = PBXBuildFile; fileRef = 5CE9DB942F8EB393F2F32A64 /* SacredTimeDetector.swift */; };
		2FB7BE71B1A576D000DE0997 /* LocalWorkoutGenerator.swift in Sources */ = {isa = PBXBuildFile; fileRef = 66E593D90E10B1B694332086 /* LocalWorkoutGenerator.swift */; };
		30E035F0691DA805CDDCA502 /* TriageCard.swift in Sources */ = {isa = PBXBuildFile; fileRef = C53F9D565123D030A60BEE40 /* TriageCard.swift */; };
		3C22D0E54A2532DE5CEC9A12 /* OnboardingFlow.swift in Sources */ = {isa = PBXBuildFile; fileRef = 9EA854F3B9A7959EA7C2AC41 /* OnboardingFlow.swift */; };
		3C586B188350A3170C1C6090 /* VigorLogger.swift in Sources */ = {isa = PBXBuildFile; fileRef = FC8B7912489B2FAB6F34A435 /* VigorLogger.swift */; };
		404BD3E7CEF20E2601F129A2 /* VigorHaptics.swift in Sources */ = {isa = PBXBuildFile; fileRef = 7F140F67E396AB1AF17C4860 /* VigorHaptics.swift */; };
		408499887EBCE448D013F914 /* AccessibilityTests.swift in Sources */ = {isa = PBXBuildFile; fileRef = 96F4846F82936B471B1C953C /* AccessibilityTests.swift */; };
		431687AE023B6754B313F848 /* ContentView.swift in Sources */ = {isa = PBXBuildFile; fileRef = 8935CAA93E4F9BDF09FC0FB5 /* ContentView.swift */; };
		43F30E18BAFEA525F48A069F /* VigorLoggerTests.swift in Sources */ = {isa = PBXBuildFile; fileRef = EB639CB65A30164842EF06A1 /* VigorLoggerTests.swift */; };
		4479CD43AB1BFC8FDB6381DC /* GhostEngine.swift in Sources */ = {isa = PBXBuildFile; fileRef = 5E099E9CFFA14C1A989D63AE /* GhostEngine.swift */; };
		46A47B25A7C46B725C278503 /* PerformanceTests.swift in Sources */ = {isa = PBXBuildFile; fileRef = 634857E27B1F7BBB146F1F2E /* PerformanceTests.swift */; };
		4D61BE5E81060153D96CB4F1 /* AuthManager.swift in Sources */ = {isa = PBXBuildFile; fileRef = 36E504570659DF119A091AC9 /* AuthManager.swift */; };
		5FC8FC331C42BBFC31009216 /* DecisionReceiptStore.swift in Sources */ = {isa = PBXBuildFile; fileRef = 3B92FB921D1E15C8C26C22EA /* DecisionReceiptStore.swift */; };
		60D4E32FF55425650E743534 /* HealthKitObserver.swift in Sources */ = {isa = PBXBuildFile; fileRef = 2C0B3D8840C5F567436B8AAF /* HealthKitObserver.swift */; };
		61F1F76CA3899E0AD2B6B8AE /* CalendarScheduler.swift in Sources */ = {isa = PBXBuildFile; fileRef = 8A7496624EB4CC414FF74CEC /* CalendarScheduler.swift */; };
		65B0B8C48F4F2BF42EE85A66 /* TrustPhase.swift in Sources */ = {isa = PBXBuildFile; fileRef = 92B21DEF349E94F8411A8392 /* TrustPhase.swift */; };
		65E46B392A5AC29015369B55 /* TriageCardView.swift in Sources */ = {isa = PBXBuildFile; fileRef = 74B2F7697D112282FCE0C749 /* TriageCardView.swift */; };
		6900DCA5467172BAE78EE020 /* NotificationOrchestratorTests.swift in Sources */ = {isa = PBXBuildFile; fileRef = A810B5C29EF1C0AD972C03AB /* NotificationOrchestratorTests.swift */; };
		72480C4C867CD4F4EAEA4877 /* GhostCycleTests.swift in Sources */ = {isa = PBXBuildFile; fileRef = 42FBC6A69CDC3CB2B6BD369B /* GhostCycleTests.swift */; };
		748411472FBEB21D36F6597E /* RecoveryAnalyzer.swift in Sources */ = {isa = PBXBuildFile; fileRef = F5E4D9F2E03C023A504CDAEE /* RecoveryAnalyzer.swift */; };
		7DC6C456BE0EBECECBD06BF0 /* VigorApp.swift in Sources */ = {isa = PBXBuildFile; fileRef = 135A876DBE177741D3ACEDF9 /* VigorApp.swift */; };
		85B9D52A1074F9E034900FDD /* KeychainHelper.swift in Sources */ = {isa = PBXBuildFile; fileRef = 9AE5506A7B37D052263BD26E /* KeychainHelper.swift */; };
		85BD524F2C5181F90997435E /* OptimalWindowFinder.swift in Sources */ = {isa = PBXBuildFile; fileRef = 27B946D42D1A7DD9379B14B1 /* OptimalWindowFinder.swift */; };
		8DADC64965BA7652CC74C6E9 /* OfflineAPIQueue.swift in Sources */ = {isa = PBXBuildFile; fileRef = 099FE02B81776BA61FA84A92 /* OfflineAPIQueue.swift */; };
		95D1660BEB75A2C6AD41D03E /* RawSignalStore.swift in Sources */ = {isa = PBXBuildFile; fileRef = 206F932C079F5096E112038C /* RawSignalStore.swift */; };
		99D404113158D777CD792AE4 /* HealthKitTypes.swift in Sources */ = {isa = PBXBuildFile; fileRef = 53F2214E85DEB048C2005CD2 /* HealthKitTypes.swift */; };
		9C80935D21529FE348C18480 /* GhostSimulationTests.swift in Sources */ = {isa = PBXBuildFile; fileRef = B3BA1EA85EBE18A1D8EF2B2B /* GhostSimulationTests.swift */; };
		9F6B7BF45D8FA84206847BFF /* AppDelegate.swift in Sources */ = {isa = PBXBuildFile; fileRef = 6E88F10102A3AD13B7826B5F /* AppDelegate.swift */; };
		A303C3A01CAFCF0E9684260B /* FirstInsightGenerator.swift in Sources */ = {isa = PBXBuildFile; fileRef = 25027BDF251F7E416EE06258 /* FirstInsightGenerator.swift */; };
		A3A97E1553B5C98BA53B1FF3 /* PrivacyInfo.xcprivacy in Resources */ = {isa = PBXBuildFile; fileRef = 56F26B3397D63FC44F0F05B0 /* PrivacyInfo.xcprivacy */; };
		A7B5C1C3D715939983EE80C8 /* OfflineAPIQueueTests.swift in Sources */ = {isa = PBXBuildFile; fileRef = 50D887F8CD8DF9C0D972277A /* OfflineAPIQueueTests.swift */; };
		AA85EA5A2663B4B48B6272EE /* PhenomeCoordinator.swift in Sources */ = {isa = PBXBuildFile; fileRef = 79BBCEE976CEE2A53015BF5F /* PhenomeCoordinator.swift */; };
		AAB998E5181CBBA700D7E063 /* MSALConfiguration.swift in Sources */ = {isa = PBXBuildFile; fileRef = A816FC2884A25E9FDBC7443F /* MSALConfiguration.swift */; };
		AB48FE588E51B32F39349F7D /* WatchConnectivityManager.swift in Sources */ = {isa = PBXBuildFile; fileRef = 8B39014DFCEFCE4D75E3BAE0 /* WatchConnectivityManager.swift */; };
		ABF65E53190FA2D68069A18D /* GhostRetryTests.swift in Sources */ = {isa = PBXBuildFile; fileRef = 728231B32E3D22129ACBFF02 /* GhostRetryTests.swift */; };
		AC95DC57CC84BC90F72B412F /* ValueReceiptGenerator.swift in Sources */ = {isa = PBXBuildFile; fileRef = DB9908D0EC7ED84B52AC8829 /* ValueReceiptGenerator.swift */; };
		B0FD6047EF85E6149892BA78 /* HomeView.swift in Sources */ = {isa = PBXBuildFile; fileRef = BEA025CB3BDC1376C37D8F4D /* HomeView.swift */; };
		B224AC72A336964EBB7AA153 /* TrustStateMachineTests.swift in Sources */ = {isa = PBXBuildFile; fileRef = 0E6668AE3D8217BF41E06B93 /* TrustStateMachineTests.swift */; };
		BB6066248097E6FE97A223A5 /* InfoPlist.swift in Sources */ = {isa = PBXBuildFile; fileRef = 86740FE54CB0FD09CFBBB7EB /* InfoPlist.swift */; };
		BE520B9C3EF9B8091391779B /* DerivedStateStore.swift in Sources */ = {isa = PBXBuildFile; fileRef = CFFE8FFB6FA41941284A37C6 /* DerivedStateStore.swift */; };
		BEE1315D49B80F13291B2838 /* MetricRegistry.swift in Sources */ = {isa = PBXBuildFile; fileRef = 9B07AC3173D740AD827E5F42 /* MetricRegistry.swift */; };
		C3F69C2E9B40A298569FBADE /* APIModels.swift in Sources */ = {isa = PBXBuildFile; fileRef = C1C1E41605E54490E6D537F9 /* APIModels.swift */; };
		C9A8EBB766CF7DBBC0107731 /* BlockTransformer.swift in Sources */ = {isa = PBXBuildFile; fileRef = AB187A64F662E68171BE3F68 /* BlockTransformer.swift */; };
		D3E2466D6BB1DC4B92887955 /* VigorAPIClient.swift in Sources */ = {isa = PBXBuildFile; fileRef = B5CA4F06FA84D27461D0069A /* VigorAPIClient.swift */; };
		DA12AC8D02B9C9C99D4DA46A /* NotificationOrchestrator.swift in Sources */ = {isa = PBXBuildFile; fileRef = 0CC8F0DA47CEEB49DCEBB73C /* NotificationOrchestrator.swift */; };
		DAAA160832CCACD10BF9D0AD /* TodayView.swift in Sources */ = {isa = PBXBuildFile; fileRef = 8282FC26359796EA6FB23A18 /* TodayView.swift */; };
		DBB3D9ECE299C66798D5E49F /* ValueReceiptView.swift in Sources */ = {isa = PBXBuildFile; fileRef = 464960809CD8F699C0364A26 /* ValueReceiptView.swift */; };
		DDF11242046669334C6F1975 /* Assets.xcassets in Resources */ = {isa = PBXBuildFile; fileRef = 451BF40FEF365DE6797E8934 /* Assets.xcassets */; };
		E7561922C5E4E746736D9C85 /* PhenomeEntities.swift in Sources */ = {isa = PBXBuildFile; fileRef = BACC6A31151662720B757861 /* PhenomeEntities.swift */; };
		E9A1FF2B0C80645474AC916F /* SettingsView.swift in Sources */ = {isa = PBXBuildFile; fileRef = AD00DA1AF7A7E1EF771060D6 /* SettingsView.swift */; };
		EFDE8091E6EC21341A706AFE /* FailureDisambiguator.swift in Sources */ = {isa = PBXBuildFile; fileRef = 1755B699F44B2BC1A687ABF2 /* FailureDisambiguator.swift */; };
		F104C520767E55F0C25BDE6E /* CalendarShadowSync.swift in Sources */ = {isa = PBXBuildFile; fileRef = 31B5779B96B9D6736874EF3A /* CalendarShadowSync.swift */; };
		F2AFD341E04177163CBFE547 /* TrustStateMachine.swift in Sources */ = {isa = PBXBuildFile; fileRef = 5796F9808BEE3CD59097A02C /* TrustStateMachine.swift */; };
		F80332FDBAA470BD4479467D /* SilentPushReceiver.swift in Sources */ = {isa = PBXBuildFile; fileRef = C2075D371382B445C3D89F69 /* SilentPushReceiver.swift */; };
		F9AFA1A7E76520CDE925A617 /* TrustAttributionEngine.swift in Sources */ = {isa = PBXBuildFile; fileRef = A8F93544FFFFA9DE37F33870 /* TrustAttributionEngine.swift */; };
		FE55E298F78B648221459AB7 /* CoreDataStack.swift in Sources */ = {isa = PBXBuildFile; fileRef = 491AA39E038414D86CFF7175 /* CoreDataStack.swift */; };
/* End PBXBuildFile section */

/* Begin PBXContainerItemProxy section */
		D5AADC354B9D377B18C6EED1 /* PBXContainerItemProxy */ = {
			isa = PBXContainerItemProxy;
			containerPortal = EB48D65BC1BEFC922314E34B /* Project object */;
			proxyType = 1;
			remoteGlobalIDString = 3C7F91254AE4ED46E7DE447D;
			remoteInfo = Vigor;
		};
/* End PBXContainerItemProxy section */

/* Begin PBXFileReference section */
		099FE02B81776BA61FA84A92 /* OfflineAPIQueue.swift */ = {isa = PBXFileReference; lastKnownFileType = sourcecode.swift; path = OfflineAPIQueue.swift; sourceTree = "<group>"; };
		0CC8F0DA47CEEB49DCEBB73C /* NotificationOrchestrator.swift */ = {isa = PBXFileReference; lastKnownFileType = sourcecode.swift; path = NotificationOrchestrator.swift; sourceTree = "<group>"; };
		0E6668AE3D8217BF41E06B93 /* TrustStateMachineTests.swift */ = {isa = PBXFileReference; lastKnownFileType = sourcecode.swift; path = TrustStateMachineTests.swift; sourceTree = "<group>"; };
		135A876DBE177741D3ACEDF9 /* VigorApp.swift */ = {isa = PBXFileReference; lastKnownFileType = sourcecode.swift; path = VigorApp.swift; sourceTree = "<group>"; };
		1755B699F44B2BC1A687ABF2 /* FailureDisambiguator.swift */ = {isa = PBXFileReference; lastKnownFileType = sourcecode.swift; path = FailureDisambiguator.swift; sourceTree = "<group>"; };
		1C8774F4D37AC3BF612D6588 /* Vigor.app */ = {isa = PBXFileReference; includeInIndex = 0; lastKnownFileType = wrapper.application; path = Vigor.app; sourceTree = BUILT_PRODUCTS_DIR; };
		206F932C079F5096E112038C /* RawSignalStore.swift */ = {isa = PBXFileReference; lastKnownFileType = sourcecode.swift; path = RawSignalStore.swift; sourceTree = "<group>"; };
		25027BDF251F7E416EE06258 /* FirstInsightGenerator.swift */ = {isa = PBXFileReference; lastKnownFileType = sourcecode.swift; path = FirstInsightGenerator.swift; sourceTree = "<group>"; };
		27B946D42D1A7DD9379B14B1 /* OptimalWindowFinder.swift */ = {isa = PBXFileReference; lastKnownFileType = sourcecode.swift; path = OptimalWindowFinder.swift; sourceTree = "<group>"; };
		2C0B3D8840C5F567436B8AAF /* HealthKitObserver.swift */ = {isa = PBXFileReference; lastKnownFileType = sourcecode.swift; path = HealthKitObserver.swift; sourceTree = "<group>"; };
		31B5779B96B9D6736874EF3A /* CalendarShadowSync.swift */ = {isa = PBXFileReference; lastKnownFileType = sourcecode.swift; path = CalendarShadowSync.swift; sourceTree = "<group>"; };
		36E504570659DF119A091AC9 /* AuthManager.swift */ = {isa = PBXFileReference; lastKnownFileType = sourcecode.swift; path = AuthManager.swift; sourceTree = "<group>"; };
		3B92FB921D1E15C8C26C22EA /* DecisionReceiptStore.swift */ = {isa = PBXFileReference; lastKnownFileType = sourcecode.swift; path = DecisionReceiptStore.swift; sourceTree = "<group>"; };
		429D966F103F58E0B763600C /* BehavioralMemoryStore.swift */ = {isa = PBXFileReference; lastKnownFileType = sourcecode.swift; path = BehavioralMemoryStore.swift; sourceTree = "<group>"; };
		42FBC6A69CDC3CB2B6BD369B /* GhostCycleTests.swift */ = {isa = PBXFileReference; lastKnownFileType = sourcecode.swift; path = GhostCycleTests.swift; sourceTree = "<group>"; };
		451BF40FEF365DE6797E8934 /* Assets.xcassets */ = {isa = PBXFileReference; lastKnownFileType = folder.assetcatalog; path = Assets.xcassets; sourceTree = "<group>"; };
		464960809CD8F699C0364A26 /* ValueReceiptView.swift */ = {isa = PBXFileReference; lastKnownFileType = sourcecode.swift; path = ValueReceiptView.swift; sourceTree = "<group>"; };
		491AA39E038414D86CFF7175 /* CoreDataStack.swift */ = {isa = PBXFileReference; lastKnownFileType = sourcecode.swift; path = CoreDataStack.swift; sourceTree = "<group>"; };
		4964EAF1C1B030F26C069831 /* TrustAttributionTests.swift */ = {isa = PBXFileReference; lastKnownFileType = sourcecode.swift; path = TrustAttributionTests.swift; sourceTree = "<group>"; };
		4DE1A1D668F1E5EB5341A954 /* SkipPredictor.swift */ = {isa = PBXFileReference; lastKnownFileType = sourcecode.swift; path = SkipPredictor.swift; sourceTree = "<group>"; };
		50D887F8CD8DF9C0D972277A /* OfflineAPIQueueTests.swift */ = {isa = PBXFileReference; lastKnownFileType = sourcecode.swift; path = OfflineAPIQueueTests.swift; sourceTree = "<group>"; };
		516DC190ADEA2BA3A8661DC3 /* Info.plist */ = {isa = PBXFileReference; lastKnownFileType = text.plist; path = Info.plist; sourceTree = "<group>"; };
		53F2214E85DEB048C2005CD2 /* HealthKitTypes.swift */ = {isa = PBXFileReference; lastKnownFileType = sourcecode.swift; path = HealthKitTypes.swift; sourceTree = "<group>"; };
		56F26B3397D63FC44F0F05B0 /* PrivacyInfo.xcprivacy */ = {isa = PBXFileReference; path = PrivacyInfo.xcprivacy; sourceTree = "<group>"; };
		5796F9808BEE3CD59097A02C /* TrustStateMachine.swift */ = {isa = PBXFileReference; lastKnownFileType = sourcecode.swift; path = TrustStateMachine.swift; sourceTree = "<group>"; };
		5B3BE560E565B3D60A704E9F /* GhostHealthMonitor.swift */ = {isa = PBXFileReference; lastKnownFileType = sourcecode.swift; path = GhostHealthMonitor.swift; sourceTree = "<group>"; };
		5CE9DB942F8EB393F2F32A64 /* SacredTimeDetector.swift */ = {isa = PBXFileReference; lastKnownFileType = sourcecode.swift; path = SacredTimeDetector.swift; sourceTree = "<group>"; };
		5E099E9CFFA14C1A989D63AE /* GhostEngine.swift */ = {isa = PBXFileReference; lastKnownFileType = sourcecode.swift; path = GhostEngine.swift; sourceTree = "<group>"; };
		633C0875A92D8B162F5DB7D2 /* AuthorityConflictResolver.swift */ = {isa = PBXFileReference; lastKnownFileType = sourcecode.swift; path = AuthorityConflictResolver.swift; sourceTree = "<group>"; };
		634857E27B1F7BBB146F1F2E /* PerformanceTests.swift */ = {isa = PBXFileReference; lastKnownFileType = sourcecode.swift; path = PerformanceTests.swift; sourceTree = "<group>"; };
		66E593D90E10B1B694332086 /* LocalWorkoutGenerator.swift */ = {isa = PBXFileReference; lastKnownFileType = sourcecode.swift; path = LocalWorkoutGenerator.swift; sourceTree = "<group>"; };
		6D31F2F1E243D72DC2F36ED2 /* VigorTests.xctest */ = {isa = PBXFileReference; includeInIndex = 0; lastKnownFileType = wrapper.cfbundle; path = VigorTests.xctest; sourceTree = BUILT_PRODUCTS_DIR; };
		6E88F10102A3AD13B7826B5F /* AppDelegate.swift */ = {isa = PBXFileReference; lastKnownFileType = sourcecode.swift; path = AppDelegate.swift; sourceTree = "<group>"; };
		728231B32E3D22129ACBFF02 /* GhostRetryTests.swift */ = {isa = PBXFileReference; lastKnownFileType = sourcecode.swift; path = GhostRetryTests.swift; sourceTree = "<group>"; };
		74B2F7697D112282FCE0C749 /* TriageCardView.swift */ = {isa = PBXFileReference; lastKnownFileType = sourcecode.swift; path = TriageCardView.swift; sourceTree = "<group>"; };
		79BBCEE976CEE2A53015BF5F /* PhenomeCoordinator.swift */ = {isa = PBXFileReference; lastKnownFileType = sourcecode.swift; path = PhenomeCoordinator.swift; sourceTree = "<group>"; };
		7DFCDC8A44540A250CF82A4D /* Vigor.entitlements */ = {isa = PBXFileReference; lastKnownFileType = text.plist.entitlements; path = Vigor.entitlements; sourceTree = "<group>"; };
		7F140F67E396AB1AF17C4860 /* VigorHaptics.swift */ = {isa = PBXFileReference; lastKnownFileType = sourcecode.swift; path = VigorHaptics.swift; sourceTree = "<group>"; };
		8282FC26359796EA6FB23A18 /* TodayView.swift */ = {isa = PBXFileReference; lastKnownFileType = sourcecode.swift; path = TodayView.swift; sourceTree = "<group>"; };
		86740FE54CB0FD09CFBBB7EB /* InfoPlist.swift */ = {isa = PBXFileReference; lastKnownFileType = sourcecode.swift; path = InfoPlist.swift; sourceTree = "<group>"; };
		8935CAA93E4F9BDF09FC0FB5 /* ContentView.swift */ = {isa = PBXFileReference; lastKnownFileType = sourcecode.swift; path = ContentView.swift; sourceTree = "<group>"; };
		8A7496624EB4CC414FF74CEC /* CalendarScheduler.swift */ = {isa = PBXFileReference; lastKnownFileType = sourcecode.swift; path = CalendarScheduler.swift; sourceTree = "<group>"; };
		8B39014DFCEFCE4D75E3BAE0 /* WatchConnectivityManager.swift */ = {isa = PBXFileReference; lastKnownFileType = sourcecode.swift; path = WatchConnectivityManager.swift; sourceTree = "<group>"; };
		8C317A9612806308FE8F1D18 /* WatchConnectivityTests.swift */ = {isa = PBXFileReference; lastKnownFileType = sourcecode.swift; path = WatchConnectivityTests.swift; sourceTree = "<group>"; };
		92B21DEF349E94F8411A8392 /* TrustPhase.swift */ = {isa = PBXFileReference; lastKnownFileType = sourcecode.swift; path = TrustPhase.swift; sourceTree = "<group>"; };
		96F4846F82936B471B1C953C /* AccessibilityTests.swift */ = {isa = PBXFileReference; lastKnownFileType = sourcecode.swift; path = AccessibilityTests.swift; sourceTree = "<group>"; };
		9AE5506A7B37D052263BD26E /* KeychainHelper.swift */ = {isa = PBXFileReference; lastKnownFileType = sourcecode.swift; path = KeychainHelper.swift; sourceTree = "<group>"; };
		9B07AC3173D740AD827E5F42 /* MetricRegistry.swift */ = {isa = PBXFileReference; lastKnownFileType = sourcecode.swift; path = MetricRegistry.swift; sourceTree = "<group>"; };
		9E56114EF1A782F631D781BE /* PatternDetector.swift */ = {isa = PBXFileReference; lastKnownFileType = sourcecode.swift; path = PatternDetector.swift; sourceTree = "<group>"; };
		9EA854F3B9A7959EA7C2AC41 /* OnboardingFlow.swift */ = {isa = PBXFileReference; lastKnownFileType = sourcecode.swift; path = OnboardingFlow.swift; sourceTree = "<group>"; };
		A810B5C29EF1C0AD972C03AB /* NotificationOrchestratorTests.swift */ = {isa = PBXFileReference; lastKnownFileType = sourcecode.swift; path = NotificationOrchestratorTests.swift; sourceTree = "<group>"; };
		A816FC2884A25E9FDBC7443F /* MSALConfiguration.swift */ = {isa = PBXFileReference; lastKnownFileType = sourcecode.swift; path = MSALConfiguration.swift; sourceTree = "<group>"; };
		A8F93544FFFFA9DE37F33870 /* TrustAttributionEngine.swift */ = {isa = PBXFileReference; lastKnownFileType = sourcecode.swift; path = TrustAttributionEngine.swift; sourceTree = "<group>"; };
		AB187A64F662E68171BE3F68 /* BlockTransformer.swift */ = {isa = PBXFileReference; lastKnownFileType = sourcecode.swift; path = BlockTransformer.swift; sourceTree = "<group>"; };
		AD00DA1AF7A7E1EF771060D6 /* SettingsView.swift */ = {isa = PBXFileReference; lastKnownFileType = sourcecode.swift; path = SettingsView.swift; sourceTree = "<group>"; };
		B3BA1EA85EBE18A1D8EF2B2B /* GhostSimulationTests.swift */ = {isa = PBXFileReference; lastKnownFileType = sourcecode.swift; path = GhostSimulationTests.swift; sourceTree = "<group>"; };
		B5CA4F06FA84D27461D0069A /* VigorAPIClient.swift */ = {isa = PBXFileReference; lastKnownFileType = sourcecode.swift; path = VigorAPIClient.swift; sourceTree = "<group>"; };
		B5EF4F4D45018A31B39D1B96 /* Dev.xcconfig */ = {isa = PBXFileReference; lastKnownFileType = text.xcconfig; path = Dev.xcconfig; sourceTree = "<group>"; };
		BACC6A31151662720B757861 /* PhenomeEntities.swift */ = {isa = PBXFileReference; lastKnownFileType = sourcecode.swift; path = PhenomeEntities.swift; sourceTree = "<group>"; };
		BE8910C05F3EB9EE13DA8194 /* TrustEvent.swift */ = {isa = PBXFileReference; lastKnownFileType = sourcecode.swift; path = TrustEvent.swift; sourceTree = "<group>"; };
		BEA025CB3BDC1376C37D8F4D /* HomeView.swift */ = {isa = PBXFileReference; lastKnownFileType = sourcecode.swift; path = HomeView.swift; sourceTree = "<group>"; };
		C1C1E41605E54490E6D537F9 /* APIModels.swift */ = {isa = PBXFileReference; lastKnownFileType = sourcecode.swift; path = APIModels.swift; sourceTree = "<group>"; };
		C2075D371382B445C3D89F69 /* SilentPushReceiver.swift */ = {isa = PBXFileReference; lastKnownFileType = sourcecode.swift; path = SilentPushReceiver.swift; sourceTree = "<group>"; };
		C265C3F0BEBD5BF5DDE8E281 /* FirstInsightGeneratorTests.swift */ = {isa = PBXFileReference; lastKnownFileType = sourcecode.swift; path = FirstInsightGeneratorTests.swift; sourceTree = "<group>"; };
		C53F9D565123D030A60BEE40 /* TriageCard.swift */ = {isa = PBXFileReference; lastKnownFileType = sourcecode.swift; path = TriageCard.swift; sourceTree = "<group>"; };
		CC0260D4ABF8202E13DB8990 /* SafetyBreakerTests.swift */ = {isa = PBXFileReference; lastKnownFileType = sourcecode.swift; path = SafetyBreakerTests.swift; sourceTree = "<group>"; };
		CF7968CBB6BF2324D050F1D9 /* Prod.xcconfig */ = {isa = PBXFileReference; lastKnownFileType = text.xcconfig; path = Prod.xcconfig; sourceTree = "<group>"; };
		CFFE8FFB6FA41941284A37C6 /* DerivedStateStore.swift */ = {isa = PBXFileReference; lastKnownFileType = sourcecode.swift; path = DerivedStateStore.swift; sourceTree = "<group>"; };
		D4FDCD64D30401BF0F54C3E4 /* CalendarIntegrationTests.swift */ = {isa = PBXFileReference; lastKnownFileType = sourcecode.swift; path = CalendarIntegrationTests.swift; sourceTree = "<group>"; };
		DB9908D0EC7ED84B52AC8829 /* ValueReceiptGenerator.swift */ = {isa = PBXFileReference; lastKnownFileType = sourcecode.swift; path = ValueReceiptGenerator.swift; sourceTree = "<group>"; };
		E010847C0424CA43F74EE139 /* ExerciseDatabase.swift */ = {isa = PBXFileReference; lastKnownFileType = sourcecode.swift; path = ExerciseDatabase.swift; sourceTree = "<group>"; };
		EB639CB65A30164842EF06A1 /* VigorLoggerTests.swift */ = {isa = PBXFileReference; lastKnownFileType = sourcecode.swift; path = VigorLoggerTests.swift; sourceTree = "<group>"; };
		F5E4D9F2E03C023A504CDAEE /* RecoveryAnalyzer.swift */ = {isa = PBXFileReference; lastKnownFileType = sourcecode.swift; path = RecoveryAnalyzer.swift; sourceTree = "<group>"; };
		FC8B7912489B2FAB6F34A435 /* VigorLogger.swift */ = {isa = PBXFileReference; lastKnownFileType = sourcecode.swift; path = VigorLogger.swift; sourceTree = "<group>"; };
/* End PBXFileReference section */

/* Begin PBXGroup section */
		071C6B7E25475A9F7EF4262D /* Onboarding */ = {
			isa = PBXGroup;
			children = (
			);
			path = Onboarding;
			sourceTree = "<group>";
		};
		08775EB530D7A42F70159B14 /* Modifiers */ = {
			isa = PBXGroup;
			children = (
			);
			path = Modifiers;
			sourceTree = "<group>";
		};
		0B6CD2DF4AD8BE0B4EF338E3 /* Background */ = {
			isa = PBXGroup;
			children = (
				C2075D371382B445C3D89F69 /* SilentPushReceiver.swift */,
			);
			path = Background;
			sourceTree = "<group>";
		};
		100E90A4F5A8EDC3936F301B /* Onboarding */ = {
			isa = PBXGroup;
			children = (
			);
			path = Onboarding;
			sourceTree = "<group>";
		};
		142AF7DB869BECEA3ED6E5BB /* Components */ = {
			isa = PBXGroup;
			children = (
				C53F9D565123D030A60BEE40 /* TriageCard.swift */,
			);
			path = Components;
			sourceTree = "<group>";
		};
		14A84B0AD1E7461938BF5510 /* Fallback */ = {
			isa = PBXGroup;
			children = (
			);
			path = Fallback;
			sourceTree = "<group>";
		};
		23159F802163DD3CB64C3D8D /* Shared */ = {
			isa = PBXGroup;
			children = (
				B5195EB6F97A96CCA1146767 /* Extensions */,
				77FF01AFEE6DD52E0505E058 /* Haptics */,
				5E3399ECEBDF78E3F481E9C9 /* Models */,
				9C597C13BE3BFF3A2E5F1E59 /* Sync */,
				76977F3C2FC6498D353DA4DC /* UI */,
				6007C26C5DE7A346216BC254 /* Utilities */,
				4342E2D7BD4F6DDDC090A27C /* WatchConnectivity */,
			);
			path = Shared;
			sourceTree = "<group>";
		};
		2795449CC26FC5B2FF6B2DCD /* Intents */ = {
			isa = PBXGroup;
			children = (
			);
			path = Intents;
			sourceTree = "<group>";
		};
		291CA28F79A236C0148D0B67 /* Core */ = {
			isa = PBXGroup;
			children = (
				EC32C64BE35255AA4AE88E3B /* Auth */,
				A41AD6B065BBAE4B5C77AF30 /* Context */,
				A35A1C7E48484AC0B1DE9C01 /* Emergency */,
				DECFD147B7AB00FA3DD120C6 /* GhostEngine */,
				BB2F8B0B986060C5B4459201 /* Haptics */,
				5E096F8CF9B5343B81F21B70 /* Health */,
				7BA053F193A62CA2A4131239 /* Logging */,
				90F8B546FBF46BBD7D207C4D /* ML */,
				071C6B7E25475A9F7EF4262D /* Onboarding */,
				FDCBBBC909BD63AF5559FCF8 /* Phenome */,
				311F778618F318E98DB5BAAB /* Trust */,
			);
			path = Core;
			sourceTree = "<group>";
		};
		2CE61D62FE900E3A782C5309 /* Configuration */ = {
			isa = PBXGroup;
			children = (
				86740FE54CB0FD09CFBBB7EB /* InfoPlist.swift */,
			);
			path = Configuration;
			sourceTree = "<group>";
		};
		311F778618F318E98DB5BAAB /* Trust */ = {
			isa = PBXGroup;
			children = (
				A8F93544FFFFA9DE37F33870 /* TrustAttributionEngine.swift */,
				BE8910C05F3EB9EE13DA8194 /* TrustEvent.swift */,
				92B21DEF349E94F8411A8392 /* TrustPhase.swift */,
				5796F9808BEE3CD59097A02C /* TrustStateMachine.swift */,
			);
			path = Trust;
			sourceTree = "<group>";
		};
		3A23B642013C85A344D24BB1 /* Persistence */ = {
			isa = PBXGroup;
			children = (
				491AA39E038414D86CFF7175 /* CoreDataStack.swift */,
				BACC6A31151662720B757861 /* PhenomeEntities.swift */,
			);
			path = Persistence;
			sourceTree = "<group>";
		};
		433C0D757D1DD58E11269861 /* Notifications */ = {
			isa = PBXGroup;
			children = (
				0CC8F0DA47CEEB49DCEBB73C /* NotificationOrchestrator.swift */,
			);
			path = Notifications;
			sourceTree = "<group>";
		};
		4342E2D7BD4F6DDDC090A27C /* WatchConnectivity */ = {
			isa = PBXGroup;
			children = (
				8B39014DFCEFCE4D75E3BAE0 /* WatchConnectivityManager.swift */,
			);
			path = WatchConnectivity;
			sourceTree = "<group>";
		};
		460F98FDF8D241671D907396 /* Logging */ = {
			isa = PBXGroup;
			children = (
				EB639CB65A30164842EF06A1 /* VigorLoggerTests.swift */,
			);
			path = Logging;
			sourceTree = "<group>";
		};
		54650A8B4C1BBABDCB3CF32A /* ValueReceipt */ = {
			isa = PBXGroup;
			children = (
				464960809CD8F699C0364A26 /* ValueReceiptView.swift */,
			);
			path = ValueReceipt;
			sourceTree = "<group>";
		};
		546DCFE46A0F846B4AF2E370 /* UI */ = {
			isa = PBXGroup;
			children = (
				142AF7DB869BECEA3ED6E5BB /* Components */,
				6E04B166820952934DEBDE5B /* Explainability */,
				14A84B0AD1E7461938BF5510 /* Fallback */,
				E279CC8256147DDC617EF5FD /* Home */,
				A3422DFB219D8099223F399E /* Navigation */,
				86128F07CC92FBE1BCE3BD03 /* Onboarding */,
				8A4BF78C4047C2FAD385D05A /* Settings */,
				5B58FF38B7E3FA41C9B03A03 /* Today */,
				A35FE5BCF923AEBF93828B12 /* Triage */,
				54650A8B4C1BBABDCB3CF32A /* ValueReceipt */,
			);
			path = UI;
			sourceTree = "<group>";
		};
		586CAC4D61984E6622B926E6 /* HealthKit */ = {
			isa = PBXGroup;
			children = (
				2C0B3D8840C5F567436B8AAF /* HealthKitObserver.swift */,
				53F2214E85DEB048C2005CD2 /* HealthKitTypes.swift */,
			);
			path = HealthKit;
			sourceTree = "<group>";
		};
		5B58FF38B7E3FA41C9B03A03 /* Today */ = {
			isa = PBXGroup;
			children = (
				8282FC26359796EA6FB23A18 /* TodayView.swift */,
			);
			path = Today;
			sourceTree = "<group>";
		};
		5D4B73EE26ACEF0CB1257C75 /* Performance */ = {
			isa = PBXGroup;
			children = (
				634857E27B1F7BBB146F1F2E /* PerformanceTests.swift */,
			);
			path = Performance;
			sourceTree = "<group>";
		};
		5D6B6BE598355B533380D829 /* Vigor */ = {
			isa = PBXGroup;
			children = (
				73F6BE062DB7117A869F3274 /* App */,
				0B6CD2DF4AD8BE0B4EF338E3 /* Background */,
				2CE61D62FE900E3A782C5309 /* Configuration */,
				291CA28F79A236C0148D0B67 /* Core */,
				5DA6016F0FA53AE28D66743B /* Data */,
				433C0D757D1DD58E11269861 /* Notifications */,
				EFB024C6D2E47DAC0DA14E90 /* Resources */,
				546DCFE46A0F846B4AF2E370 /* UI */,
				451BF40FEF365DE6797E8934 /* Assets.xcassets */,
				516DC190ADEA2BA3A8661DC3 /* Info.plist */,
				56F26B3397D63FC44F0F05B0 /* PrivacyInfo.xcprivacy */,
				7DFCDC8A44540A250CF82A4D /* Vigor.entitlements */,
			);
			path = Vigor;
			sourceTree = "<group>";
		};
		5DA6016F0FA53AE28D66743B /* Data */ = {
			isa = PBXGroup;
			children = (
				76B9A25B6CCC70056C200732 /* API */,
				D27BF70747634469413238C5 /* Calendar */,
				9130C4B161DD84963BE6812A /* CloudKit */,
				586CAC4D61984E6622B926E6 /* HealthKit */,
			);
			path = Data;
			sourceTree = "<group>";
		};
		5E096F8CF9B5343B81F21B70 /* Health */ = {
			isa = PBXGroup;
			children = (
			);
			path = Health;
			sourceTree = "<group>";
		};
		5E3399ECEBDF78E3F481E9C9 /* Models */ = {
			isa = PBXGroup;
			children = (
			);
			path = Models;
			sourceTree = "<group>";
		};
		6007C26C5DE7A346216BC254 /* Utilities */ = {
			isa = PBXGroup;
			children = (
			);
			path = Utilities;
			sourceTree = "<group>";
		};
		6E04B166820952934DEBDE5B /* Explainability */ = {
			isa = PBXGroup;
			children = (
			);
			path = Explainability;
			sourceTree = "<group>";
		};
		73F6BE062DB7117A869F3274 /* App */ = {
			isa = PBXGroup;
			children = (
				2795449CC26FC5B2FF6B2DCD /* Intents */,
				6E88F10102A3AD13B7826B5F /* AppDelegate.swift */,
				8935CAA93E4F9BDF09FC0FB5 /* ContentView.swift */,
				135A876DBE177741D3ACEDF9 /* VigorApp.swift */,
			);
			path = App;
			sourceTree = "<group>";
		};
		7610E89024CEA63445AA7001 /* Ghost */ = {
			isa = PBXGroup;
			children = (
				728231B32E3D22129ACBFF02 /* GhostRetryTests.swift */,
			);
			path = Ghost;
			sourceTree = "<group>";
		};
		76977F3C2FC6498D353DA4DC /* UI */ = {
			isa = PBXGroup;
			children = (
				84306B64D410D435A4CAA179 /* Components */,
				08775EB530D7A42F70159B14 /* Modifiers */,
			);
			path = UI;
			sourceTree = "<group>";
		};
		76B9A25B6CCC70056C200732 /* API */ = {
			isa = PBXGroup;
			children = (
				C1C1E41605E54490E6D537F9 /* APIModels.swift */,
				099FE02B81776BA61FA84A92 /* OfflineAPIQueue.swift */,
				B5CA4F06FA84D27461D0069A /* VigorAPIClient.swift */,
			);
			path = API;
			sourceTree = "<group>";
		};
		76E30B56C3FC6001DCB756D6 /* Audio */ = {
			isa = PBXGroup;
			children = (
			);
			path = Audio;
			sourceTree = "<group>";
		};
		77FF01AFEE6DD52E0505E058 /* Haptics */ = {
			isa = PBXGroup;
			children = (
			);
			path = Haptics;
			sourceTree = "<group>";
		};
		79E2E0835F6599480589CE4D /* Phenome */ = {
			isa = PBXGroup;
			children = (
			);
			path = Phenome;
			sourceTree = "<group>";
		};
		7BA053F193A62CA2A4131239 /* Logging */ = {
			isa = PBXGroup;
			children = (
				FC8B7912489B2FAB6F34A435 /* VigorLogger.swift */,
			);
			path = Logging;
			sourceTree = "<group>";
		};
		84306B64D410D435A4CAA179 /* Components */ = {
			isa = PBXGroup;
			children = (
			);
			path = Components;
			sourceTree = "<group>";
		};
		86128F07CC92FBE1BCE3BD03 /* Onboarding */ = {
			isa = PBXGroup;
			children = (
				9EA854F3B9A7959EA7C2AC41 /* OnboardingFlow.swift */,
			);
			path = Onboarding;
			sourceTree = "<group>";
		};
		8A4BF78C4047C2FAD385D05A /* Settings */ = {
			isa = PBXGroup;
			children = (
				AD00DA1AF7A7E1EF771060D6 /* SettingsView.swift */,
			);
			path = Settings;
			sourceTree = "<group>";
		};
		90F8B546FBF46BBD7D207C4D /* ML */ = {
			isa = PBXGroup;
			children = (
				27B946D42D1A7DD9379B14B1 /* OptimalWindowFinder.swift */,
				9E56114EF1A782F631D781BE /* PatternDetector.swift */,
				F5E4D9F2E03C023A504CDAEE /* RecoveryAnalyzer.swift */,
				4DE1A1D668F1E5EB5341A954 /* SkipPredictor.swift */,
			);
			path = ML;
			sourceTree = "<group>";
		};
		9130C4B161DD84963BE6812A /* CloudKit */ = {
			isa = PBXGroup;
			children = (
			);
			path = CloudKit;
			sourceTree = "<group>";
		};
		9A025F1FD89AB5909E65FF5F /* Insights */ = {
			isa = PBXGroup;
			children = (
				C265C3F0BEBD5BF5DDE8E281 /* FirstInsightGeneratorTests.swift */,
			);
			path = Insights;
			sourceTree = "<group>";
		};
		9B722DE2DA73C954F27C43C8 /* Context */ = {
			isa = PBXGroup;
			children = (
			);
			path = Context;
			sourceTree = "<group>";
		};
		9C597C13BE3BFF3A2E5F1E59 /* Sync */ = {
			isa = PBXGroup;
			children = (
				633C0875A92D8B162F5DB7D2 /* AuthorityConflictResolver.swift */,
			);
			path = Sync;
			sourceTree = "<group>";
		};
		9EC7D4A2DA740B5CD8588243 /* Trust */ = {
			isa = PBXGroup;
			children = (
				CC0260D4ABF8202E13DB8990 /* SafetyBreakerTests.swift */,
				4964EAF1C1B030F26C069831 /* TrustAttributionTests.swift */,
				0E6668AE3D8217BF41E06B93 /* TrustStateMachineTests.swift */,
			);
			path = Trust;
			sourceTree = "<group>";
		};
		A3422DFB219D8099223F399E /* Navigation */ = {
			isa = PBXGroup;
			children = (
			);
			path = Navigation;
			sourceTree = "<group>";
		};
		A35A1C7E48484AC0B1DE9C01 /* Emergency */ = {
			isa = PBXGroup;
			children = (
			);
			path = Emergency;
			sourceTree = "<group>";
		};
		A35FE5BCF923AEBF93828B12 /* Triage */ = {
			isa = PBXGroup;
			children = (
				74B2F7697D112282FCE0C749 /* TriageCardView.swift */,
			);
			path = Triage;
			sourceTree = "<group>";
		};
		A41AD6B065BBAE4B5C77AF30 /* Context */ = {
			isa = PBXGroup;
			children = (
			);
			path = Context;
			sourceTree = "<group>";
		};
		AD1ECC47018B87412E47E1F1 /* Haptics */ = {
			isa = PBXGroup;
			children = (
			);
			path = Haptics;
			sourceTree = "<group>";
		};
		AF30861AF095341CACF07EAF /* Products */ = {
			isa = PBXGroup;
			children = (
				1C8774F4D37AC3BF612D6588 /* Vigor.app */,
				6D31F2F1E243D72DC2F36ED2 /* VigorTests.xctest */,
			);
			name = Products;
			sourceTree = "<group>";
		};
		B44B4A249706BE7600B4FF2F /* Accessibility */ = {
			isa = PBXGroup;
			children = (
				96F4846F82936B471B1C953C /* AccessibilityTests.swift */,
			);
			path = Accessibility;
			sourceTree = "<group>";
		};
		B5195EB6F97A96CCA1146767 /* Extensions */ = {
			isa = PBXGroup;
			children = (
			);
			path = Extensions;
			sourceTree = "<group>";
		};
		BB2F8B0B986060C5B4459201 /* Haptics */ = {
			isa = PBXGroup;
			children = (
				7F140F67E396AB1AF17C4860 /* VigorHaptics.swift */,
			);
			path = Haptics;
			sourceTree = "<group>";
		};
		C67C42607A756F3AFE79FA35 /* Config */ = {
			isa = PBXGroup;
			children = (
				B5EF4F4D45018A31B39D1B96 /* Dev.xcconfig */,
				CF7968CBB6BF2324D050F1D9 /* Prod.xcconfig */,
			);
			path = Config;
			sourceTree = "<group>";
		};
		CB96556DA12716D1CFF7B955 = {
			isa = PBXGroup;
			children = (
				C67C42607A756F3AFE79FA35 /* Config */,
				23159F802163DD3CB64C3D8D /* Shared */,
				5D6B6BE598355B533380D829 /* Vigor */,
				EE37A0E52A9D15C4D3372BA7 /* VigorTests */,
				AF30861AF095341CACF07EAF /* Products */,
			);
			sourceTree = "<group>";
		};
		CCA40EC3D5702510E1ABED46 /* Calendar */ = {
			isa = PBXGroup;
			children = (
			);
			path = Calendar;
			sourceTree = "<group>";
		};
		D27BF70747634469413238C5 /* Calendar */ = {
			isa = PBXGroup;
			children = (
				AB187A64F662E68171BE3F68 /* BlockTransformer.swift */,
				8A7496624EB4CC414FF74CEC /* CalendarScheduler.swift */,
				31B5779B96B9D6736874EF3A /* CalendarShadowSync.swift */,
				5CE9DB942F8EB393F2F32A64 /* SacredTimeDetector.swift */,
			);
			path = Calendar;
			sourceTree = "<group>";
		};
		DECFD147B7AB00FA3DD120C6 /* GhostEngine */ = {
			isa = PBXGroup;
			children = (
				3B92FB921D1E15C8C26C22EA /* DecisionReceiptStore.swift */,
				E010847C0424CA43F74EE139 /* ExerciseDatabase.swift */,
				1755B699F44B2BC1A687ABF2 /* FailureDisambiguator.swift */,
				25027BDF251F7E416EE06258 /* FirstInsightGenerator.swift */,
				5E099E9CFFA14C1A989D63AE /* GhostEngine.swift */,
				5B3BE560E565B3D60A704E9F /* GhostHealthMonitor.swift */,
				66E593D90E10B1B694332086 /* LocalWorkoutGenerator.swift */,
				DB9908D0EC7ED84B52AC8829 /* ValueReceiptGenerator.swift */,
			);
			path = GhostEngine;
			sourceTree = "<group>";
		};
		E279CC8256147DDC617EF5FD /* Home */ = {
			isa = PBXGroup;
			children = (
				BEA025CB3BDC1376C37D8F4D /* HomeView.swift */,
			);
			path = Home;
			sourceTree = "<group>";
		};
		EC32C64BE35255AA4AE88E3B /* Auth */ = {
			isa = PBXGroup;
			children = (
				36E504570659DF119A091AC9 /* AuthManager.swift */,
				9AE5506A7B37D052263BD26E /* KeychainHelper.swift */,
				A816FC2884A25E9FDBC7443F /* MSALConfiguration.swift */,
			);
			path = Auth;
			sourceTree = "<group>";
		};
		ECC6F68F2FBACF2AE5B5EE84 /* Health */ = {
			isa = PBXGroup;
			children = (
			);
			path = Health;
			sourceTree = "<group>";
		};
		EE37A0E52A9D15C4D3372BA7 /* VigorTests */ = {
			isa = PBXGroup;
			children = (
				B44B4A249706BE7600B4FF2F /* Accessibility */,
				CCA40EC3D5702510E1ABED46 /* Calendar */,
				9B722DE2DA73C954F27C43C8 /* Context */,
				7610E89024CEA63445AA7001 /* Ghost */,
				AD1ECC47018B87412E47E1F1 /* Haptics */,
				ECC6F68F2FBACF2AE5B5EE84 /* Health */,
				9A025F1FD89AB5909E65FF5F /* Insights */,
				460F98FDF8D241671D907396 /* Logging */,
				F6C7D7D5C4C2C1055EE57519 /* Notifications */,
				F268C8002DE7CDEC63841F30 /* Offline */,
				100E90A4F5A8EDC3936F301B /* Onboarding */,
				5D4B73EE26ACEF0CB1257C75 /* Performance */,
				79E2E0835F6599480589CE4D /* Phenome */,
				F0F0A06DF0BE6438603C8596 /* Simulation */,
				9EC7D4A2DA740B5CD8588243 /* Trust */,
				F44CEEE61AA47AE0642B63DA /* WatchConnectivity */,
			);
			path = VigorTests;
			sourceTree = "<group>";
		};
		EFB024C6D2E47DAC0DA14E90 /* Resources */ = {
			isa = PBXGroup;
			children = (
				76E30B56C3FC6001DCB756D6 /* Audio */,
			);
			path = Resources;
			sourceTree = "<group>";
		};
		F0F0A06DF0BE6438603C8596 /* Simulation */ = {
			isa = PBXGroup;
			children = (
				D4FDCD64D30401BF0F54C3E4 /* CalendarIntegrationTests.swift */,
				42FBC6A69CDC3CB2B6BD369B /* GhostCycleTests.swift */,
				B3BA1EA85EBE18A1D8EF2B2B /* GhostSimulationTests.swift */,
			);
			path = Simulation;
			sourceTree = "<group>";
		};
		F268C8002DE7CDEC63841F30 /* Offline */ = {
			isa = PBXGroup;
			children = (
				50D887F8CD8DF9C0D972277A /* OfflineAPIQueueTests.swift */,
			);
			path = Offline;
			sourceTree = "<group>";
		};
		F44CEEE61AA47AE0642B63DA /* WatchConnectivity */ = {
			isa = PBXGroup;
			children = (
				8C317A9612806308FE8F1D18 /* WatchConnectivityTests.swift */,
			);
			path = WatchConnectivity;
			sourceTree = "<group>";
		};
		F6C7D7D5C4C2C1055EE57519 /* Notifications */ = {
			isa = PBXGroup;
			children = (
				A810B5C29EF1C0AD972C03AB /* NotificationOrchestratorTests.swift */,
			);
			path = Notifications;
			sourceTree = "<group>";
		};
		FDCBBBC909BD63AF5559FCF8 /* Phenome */ = {
			isa = PBXGroup;
			children = (
				3A23B642013C85A344D24BB1 /* Persistence */,
				429D966F103F58E0B763600C /* BehavioralMemoryStore.swift */,
				CFFE8FFB6FA41941284A37C6 /* DerivedStateStore.swift */,
				9B07AC3173D740AD827E5F42 /* MetricRegistry.swift */,
				79BBCEE976CEE2A53015BF5F /* PhenomeCoordinator.swift */,
				206F932C079F5096E112038C /* RawSignalStore.swift */,
			);
			path = Phenome;
			sourceTree = "<group>";
		};
/* End PBXGroup section */

/* Begin PBXNativeTarget section */
		3C7F91254AE4ED46E7DE447D /* Vigor */ = {
			isa = PBXNativeTarget;
			buildConfigurationList = E596F522E19504FF2E6AD3C0 /* Build configuration list for PBXNativeTarget "Vigor" */;
			buildPhases = (
				5E8029636BEE77F681CD8A8E /* Sources */,
				79D20DD1A6AE62866E96171F /* Resources */,
			);
			buildRules = (
			);
			dependencies = (
			);
			name = Vigor;
			packageProductDependencies = (
			);
			productName = Vigor;
			productReference = 1C8774F4D37AC3BF612D6588 /* Vigor.app */;
			productType = "com.apple.product-type.application";
		};
		A0F1406F4DFF017CFB5E3B3F /* VigorTests */ = {
			isa = PBXNativeTarget;
			buildConfigurationList = 1215B5AD133EEA9AB19A2FAC /* Build configuration list for PBXNativeTarget "VigorTests" */;
			buildPhases = (
				FD5E5E0F177F2C16B2D73C6C /* Sources */,
			);
			buildRules = (
			);
			dependencies = (
				860FE825BD993CBEF04ED179 /* PBXTargetDependency */,
			);
			name = VigorTests;
			packageProductDependencies = (
			);
			productName = VigorTests;
			productReference = 6D31F2F1E243D72DC2F36ED2 /* VigorTests.xctest */;
			productType = "com.apple.product-type.bundle.unit-test";
		};
/* End PBXNativeTarget section */

/* Begin PBXProject section */
		EB48D65BC1BEFC922314E34B /* Project object */ = {
			isa = PBXProject;
			attributes = {
				BuildIndependentTargetsInParallel = YES;
				LastUpgradeCheck = 1520;
				TargetAttributes = {
					3C7F91254AE4ED46E7DE447D = {
						DevelopmentTeam = "";
						ProvisioningStyle = Automatic;
					};
					A0F1406F4DFF017CFB5E3B3F = {
						DevelopmentTeam = "";
					};
				};
			};
			buildConfigurationList = D88336BB21BB86F005465E6E /* Build configuration list for PBXProject "Vigor" */;
			compatibilityVersion = "Xcode 14.0";
			developmentRegion = en;
			hasScannedForEncodings = 0;
			knownRegions = (
				Base,
				en,
			);
			mainGroup = CB96556DA12716D1CFF7B955;
			minimizedProjectReferenceProxies = 1;
			preferredProjectObjectVersion = 77;
			projectDirPath = "";
			projectRoot = "";
			targets = (
				3C7F91254AE4ED46E7DE447D /* Vigor */,
				A0F1406F4DFF017CFB5E3B3F /* VigorTests */,
			);
		};
/* End PBXProject section */

/* Begin PBXResourcesBuildPhase section */
		79D20DD1A6AE62866E96171F /* Resources */ = {
			isa = PBXResourcesBuildPhase;
			buildActionMask = 2147483647;
			files = (
				DDF11242046669334C6F1975 /* Assets.xcassets in Resources */,
				A3A97E1553B5C98BA53B1FF3 /* PrivacyInfo.xcprivacy in Resources */,
			);
			runOnlyForDeploymentPostprocessing = 0;
		};
/* End PBXResourcesBuildPhase section */

/* Begin PBXSourcesBuildPhase section */
		5E8029636BEE77F681CD8A8E /* Sources */ = {
			isa = PBXSourcesBuildPhase;
			buildActionMask = 2147483647;
			files = (
				C3F69C2E9B40A298569FBADE /* APIModels.swift in Sources */,
				9F6B7BF45D8FA84206847BFF /* AppDelegate.swift in Sources */,
				4D61BE5E81060153D96CB4F1 /* AuthManager.swift in Sources */,
				2587FC0FA59E35BFF63E1564 /* AuthorityConflictResolver.swift in Sources */,
				1A17D18BEE08C620DB1FB26F /* BehavioralMemoryStore.swift in Sources */,
				C9A8EBB766CF7DBBC0107731 /* BlockTransformer.swift in Sources */,
				61F1F76CA3899E0AD2B6B8AE /* CalendarScheduler.swift in Sources */,
				F104C520767E55F0C25BDE6E /* CalendarShadowSync.swift in Sources */,
				431687AE023B6754B313F848 /* ContentView.swift in Sources */,
				FE55E298F78B648221459AB7 /* CoreDataStack.swift in Sources */,
				5FC8FC331C42BBFC31009216 /* DecisionReceiptStore.swift in Sources */,
				BE520B9C3EF9B8091391779B /* DerivedStateStore.swift in Sources */,
				1C599ED3F1A8F2F8C5F4F3BD /* ExerciseDatabase.swift in Sources */,
				EFDE8091E6EC21341A706AFE /* FailureDisambiguator.swift in Sources */,
				A303C3A01CAFCF0E9684260B /* FirstInsightGenerator.swift in Sources */,
				4479CD43AB1BFC8FDB6381DC /* GhostEngine.swift in Sources */,
				19F17AF2A2073F8DCA64F47B /* GhostHealthMonitor.swift in Sources */,
				60D4E32FF55425650E743534 /* HealthKitObserver.swift in Sources */,
				99D404113158D777CD792AE4 /* HealthKitTypes.swift in Sources */,
				B0FD6047EF85E6149892BA78 /* HomeView.swift in Sources */,
				BB6066248097E6FE97A223A5 /* InfoPlist.swift in Sources */,
				85B9D52A1074F9E034900FDD /* KeychainHelper.swift in Sources */,
				2FB7BE71B1A576D000DE0997 /* LocalWorkoutGenerator.swift in Sources */,
				AAB998E5181CBBA700D7E063 /* MSALConfiguration.swift in Sources */,
				BEE1315D49B80F13291B2838 /* MetricRegistry.swift in Sources */,
				DA12AC8D02B9C9C99D4DA46A /* NotificationOrchestrator.swift in Sources */,
				8DADC64965BA7652CC74C6E9 /* OfflineAPIQueue.swift in Sources */,
				3C22D0E54A2532DE5CEC9A12 /* OnboardingFlow.swift in Sources */,
				85BD524F2C5181F90997435E /* OptimalWindowFinder.swift in Sources */,
				261FB841BC0F151E55B51140 /* PatternDetector.swift in Sources */,
				AA85EA5A2663B4B48B6272EE /* PhenomeCoordinator.swift in Sources */,
				E7561922C5E4E746736D9C85 /* PhenomeEntities.swift in Sources */,
				95D1660BEB75A2C6AD41D03E /* RawSignalStore.swift in Sources */,
				748411472FBEB21D36F6597E /* RecoveryAnalyzer.swift in Sources */,
				2704C042D28DA7ACD17B8AD3 /* SacredTimeDetector.swift in Sources */,
				E9A1FF2B0C80645474AC916F /* SettingsView.swift in Sources */,
				F80332FDBAA470BD4479467D /* SilentPushReceiver.swift in Sources */,
				1341DE522DBA0A5A962DF5C9 /* SkipPredictor.swift in Sources */,
				DAAA160832CCACD10BF9D0AD /* TodayView.swift in Sources */,
				30E035F0691DA805CDDCA502 /* TriageCard.swift in Sources */,
				65E46B392A5AC29015369B55 /* TriageCardView.swift in Sources */,
				F9AFA1A7E76520CDE925A617 /* TrustAttributionEngine.swift in Sources */,
				0BB130600A3245106E47F45F /* TrustEvent.swift in Sources */,
				65B0B8C48F4F2BF42EE85A66 /* TrustPhase.swift in Sources */,
				F2AFD341E04177163CBFE547 /* TrustStateMachine.swift in Sources */,
				AC95DC57CC84BC90F72B412F /* ValueReceiptGenerator.swift in Sources */,
				DBB3D9ECE299C66798D5E49F /* ValueReceiptView.swift in Sources */,
				D3E2466D6BB1DC4B92887955 /* VigorAPIClient.swift in Sources */,
				7DC6C456BE0EBECECBD06BF0 /* VigorApp.swift in Sources */,
				404BD3E7CEF20E2601F129A2 /* VigorHaptics.swift in Sources */,
				3C586B188350A3170C1C6090 /* VigorLogger.swift in Sources */,
				AB48FE588E51B32F39349F7D /* WatchConnectivityManager.swift in Sources */,
			);
			runOnlyForDeploymentPostprocessing = 0;
		};
		FD5E5E0F177F2C16B2D73C6C /* Sources */ = {
			isa = PBXSourcesBuildPhase;
			buildActionMask = 2147483647;
			files = (
				408499887EBCE448D013F914 /* AccessibilityTests.swift in Sources */,
				027F812AEE8B382577AED13A /* CalendarIntegrationTests.swift in Sources */,
				1A078604EB10071F8BD17FF5 /* FirstInsightGeneratorTests.swift in Sources */,
				72480C4C867CD4F4EAEA4877 /* GhostCycleTests.swift in Sources */,
				ABF65E53190FA2D68069A18D /* GhostRetryTests.swift in Sources */,
				9C80935D21529FE348C18480 /* GhostSimulationTests.swift in Sources */,
				6900DCA5467172BAE78EE020 /* NotificationOrchestratorTests.swift in Sources */,
				A7B5C1C3D715939983EE80C8 /* OfflineAPIQueueTests.swift in Sources */,
				46A47B25A7C46B725C278503 /* PerformanceTests.swift in Sources */,
				1942233D070C34019A6FAA91 /* SafetyBreakerTests.swift in Sources */,
				203E4E3944D2E881C13DB325 /* TrustAttributionTests.swift in Sources */,
				B224AC72A336964EBB7AA153 /* TrustStateMachineTests.swift in Sources */,
				43F30E18BAFEA525F48A069F /* VigorLoggerTests.swift in Sources */,
				0BC9658F56D7E53DCACEA2DD /* WatchConnectivityTests.swift in Sources */,
			);
			runOnlyForDeploymentPostprocessing = 0;
		};
/* End PBXSourcesBuildPhase section */

/* Begin PBXTargetDependency section */
		860FE825BD993CBEF04ED179 /* PBXTargetDependency */ = {
			isa = PBXTargetDependency;
			target = 3C7F91254AE4ED46E7DE447D /* Vigor */;
			targetProxy = D5AADC354B9D377B18C6EED1 /* PBXContainerItemProxy */;
		};
/* End PBXTargetDependency section */

/* Begin XCBuildConfiguration section */
		04E3D7823921EFB389CCF399 /* Release */ = {
			isa = XCBuildConfiguration;
			buildSettings = {
				ASSETCATALOG_COMPILER_APPICON_NAME = AppIcon;
				ASSETCATALOG_COMPILER_GLOBAL_ACCENT_COLOR_NAME = AccentColor;
				CODE_SIGN_ENTITLEMENTS = Vigor/Vigor.entitlements;
				CODE_SIGN_IDENTITY = "iPhone Developer";
				CODE_SIGN_STYLE = Automatic;
				ENABLE_PREVIEWS = YES;
				INFOPLIST_FILE = Vigor/Info.plist;
				IPHONEOS_DEPLOYMENT_TARGET = 17.0;
				LD_RUNPATH_SEARCH_PATHS = (
					"$(inherited)",
					"@executable_path/Frameworks",
				);
				PRODUCT_BUNDLE_IDENTIFIER = com.vigor.app;
				SDKROOT = iphoneos;
				SWIFT_ACTIVE_COMPILATION_CONDITIONS = "$(inherited)";
				TARGETED_DEVICE_FAMILY = "1,2";
			};
			name = Release;
		};
		88A41192A756824DA0AFCA6D /* Release */ = {
			isa = XCBuildConfiguration;
			baseConfigurationReference = CF7968CBB6BF2324D050F1D9 /* Prod.xcconfig */;
			buildSettings = {
				ALWAYS_SEARCH_USER_PATHS = NO;
				CLANG_ANALYZER_NONNULL = YES;
				CLANG_ANALYZER_NUMBER_OBJECT_CONVERSION = YES_AGGRESSIVE;
				CLANG_CXX_LANGUAGE_STANDARD = "gnu++14";
				CLANG_CXX_LIBRARY = "libc++";
				CLANG_ENABLE_MODULES = YES;
				CLANG_ENABLE_OBJC_ARC = YES;
				CLANG_ENABLE_OBJC_WEAK = YES;
				CLANG_WARN_BLOCK_CAPTURE_AUTORELEASING = YES;
				CLANG_WARN_BOOL_CONVERSION = YES;
				CLANG_WARN_COMMA = YES;
				CLANG_WARN_CONSTANT_CONVERSION = YES;
				CLANG_WARN_DEPRECATED_OBJC_IMPLEMENTATIONS = YES;
				CLANG_WARN_DIRECT_OBJC_ISA_USAGE = YES_ERROR;
				CLANG_WARN_DOCUMENTATION_COMMENTS = YES;
				CLANG_WARN_EMPTY_BODY = YES;
				CLANG_WARN_ENUM_CONVERSION = YES;
				CLANG_WARN_INFINITE_RECURSION = YES;
				CLANG_WARN_INT_CONVERSION = YES;
				CLANG_WARN_NON_LITERAL_NULL_CONVERSION = YES;
				CLANG_WARN_OBJC_IMPLICIT_RETAIN_SELF = YES;
				CLANG_WARN_OBJC_LITERAL_CONVERSION = YES;
				CLANG_WARN_OBJC_ROOT_CLASS = YES_ERROR;
				CLANG_WARN_QUOTED_INCLUDE_IN_FRAMEWORK_HEADER = YES;
				CLANG_WARN_RANGE_LOOP_ANALYSIS = YES;
				CLANG_WARN_STRICT_PROTOTYPES = YES;
				CLANG_WARN_SUSPICIOUS_MOVE = YES;
				CLANG_WARN_UNGUARDED_AVAILABILITY = YES_AGGRESSIVE;
				CLANG_WARN_UNREACHABLE_CODE = YES;
				CLANG_WARN__DUPLICATE_METHOD_MATCH = YES;
				COPY_PHASE_STRIP = NO;
				CURRENT_PROJECT_VERSION = 1;
				DEBUG_INFORMATION_FORMAT = "dwarf-with-dsym";
				DEVELOPMENT_TEAM = "";
				ENABLE_NS_ASSERTIONS = NO;
				ENABLE_STRICT_OBJC_MSGSEND = YES;
				GCC_C_LANGUAGE_STANDARD = gnu11;
				GCC_NO_COMMON_BLOCKS = YES;
				GCC_WARN_64_TO_32_BIT_CONVERSION = YES;
				GCC_WARN_ABOUT_RETURN_TYPE = YES_ERROR;
				GCC_WARN_UNDECLARED_SELECTOR = YES;
				GCC_WARN_UNINITIALIZED_AUTOS = YES_AGGRESSIVE;
				GCC_WARN_UNUSED_FUNCTION = YES;
				GCC_WARN_UNUSED_VARIABLE = YES;
				IPHONEOS_DEPLOYMENT_TARGET = 17.0;
				MARKETING_VERSION = 1.0;
				MTL_ENABLE_DEBUG_INFO = NO;
				MTL_FAST_MATH = YES;
				PRODUCT_NAME = "$(TARGET_NAME)";
				SDKROOT = iphoneos;
				SWIFT_COMPILATION_MODE = wholemodule;
				SWIFT_OPTIMIZATION_LEVEL = "-O";
				SWIFT_VERSION = 5.9;
				WATCHOS_DEPLOYMENT_TARGET = 10.0;
			};
			name = Release;
		};
		A37C1C28CBA1332199B6FC77 /* Debug */ = {
			isa = XCBuildConfiguration;
			buildSettings = {
				ASSETCATALOG_COMPILER_APPICON_NAME = AppIcon;
				ASSETCATALOG_COMPILER_GLOBAL_ACCENT_COLOR_NAME = AccentColor;
				CODE_SIGN_ENTITLEMENTS = Vigor/Vigor.entitlements;
				CODE_SIGN_IDENTITY = "iPhone Developer";
				CODE_SIGN_STYLE = Automatic;
				ENABLE_PREVIEWS = YES;
				INFOPLIST_FILE = Vigor/Info.plist;
				IPHONEOS_DEPLOYMENT_TARGET = 17.0;
				LD_RUNPATH_SEARCH_PATHS = (
					"$(inherited)",
					"@executable_path/Frameworks",
				);
				PRODUCT_BUNDLE_IDENTIFIER = com.vigor.app;
				SDKROOT = iphoneos;
				SWIFT_ACTIVE_COMPILATION_CONDITIONS = "$(inherited) DEBUG FREE_PROVISIONING";
				TARGETED_DEVICE_FAMILY = "1,2";
			};
			name = Debug;
		};
		C841A513F8231BFB2D940CB6 /* Debug */ = {
			isa = XCBuildConfiguration;
			buildSettings = {
				BUNDLE_LOADER = "$(TEST_HOST)";
				GENERATE_INFOPLIST_FILE = YES;
				IPHONEOS_DEPLOYMENT_TARGET = 17.0;
				LD_RUNPATH_SEARCH_PATHS = (
					"$(inherited)",
					"@executable_path/Frameworks",
					"@loader_path/Frameworks",
				);
				PRODUCT_BUNDLE_IDENTIFIER = com.vigor.app.tests;
				SDKROOT = iphoneos;
				SWIFT_ACTIVE_COMPILATION_CONDITIONS = "$(inherited) DEBUG FREE_PROVISIONING";
				TARGETED_DEVICE_FAMILY = "1,2";
				TEST_HOST = "$(BUILT_PRODUCTS_DIR)/Vigor.app/Vigor";
			};
			name = Debug;
		};
		DCE6A5AE1761D9C5B1E81613 /* Debug */ = {
			isa = XCBuildConfiguration;
			baseConfigurationReference = B5EF4F4D45018A31B39D1B96 /* Dev.xcconfig */;
			buildSettings = {
				ALWAYS_SEARCH_USER_PATHS = NO;
				CLANG_ANALYZER_NONNULL = YES;
				CLANG_ANALYZER_NUMBER_OBJECT_CONVERSION = YES_AGGRESSIVE;
				CLANG_CXX_LANGUAGE_STANDARD = "gnu++14";
				CLANG_CXX_LIBRARY = "libc++";
				CLANG_ENABLE_MODULES = YES;
				CLANG_ENABLE_OBJC_ARC = YES;
				CLANG_ENABLE_OBJC_WEAK = YES;
				CLANG_WARN_BLOCK_CAPTURE_AUTORELEASING = YES;
				CLANG_WARN_BOOL_CONVERSION = YES;
				CLANG_WARN_COMMA = YES;
				CLANG_WARN_CONSTANT_CONVERSION = YES;
				CLANG_WARN_DEPRECATED_OBJC_IMPLEMENTATIONS = YES;
				CLANG_WARN_DIRECT_OBJC_ISA_USAGE = YES_ERROR;
				CLANG_WARN_DOCUMENTATION_COMMENTS = YES;
				CLANG_WARN_EMPTY_BODY = YES;
				CLANG_WARN_ENUM_CONVERSION = YES;
				CLANG_WARN_INFINITE_RECURSION = YES;
				CLANG_WARN_INT_CONVERSION = YES;
				CLANG_WARN_NON_LITERAL_NULL_CONVERSION = YES;
				CLANG_WARN_OBJC_IMPLICIT_RETAIN_SELF = YES;
				CLANG_WARN_OBJC_LITERAL_CONVERSION = YES;
				CLANG_WARN_OBJC_ROOT_CLASS = YES_ERROR;
				CLANG_WARN_QUOTED_INCLUDE_IN_FRAMEWORK_HEADER = YES;
				CLANG_WARN_RANGE_LOOP_ANALYSIS = YES;
				CLANG_WARN_STRICT_PROTOTYPES = YES;
				CLANG_WARN_SUSPICIOUS_MOVE = YES;
				CLANG_WARN_UNGUARDED_AVAILABILITY = YES_AGGRESSIVE;
				CLANG_WARN_UNREACHABLE_CODE = YES;
				CLANG_WARN__DUPLICATE_METHOD_MATCH = YES;
				COPY_PHASE_STRIP = NO;
				CURRENT_PROJECT_VERSION = 1;
				DEBUG_INFORMATION_FORMAT = dwarf;
				DEVELOPMENT_TEAM = "";
				ENABLE_STRICT_OBJC_MSGSEND = YES;
				ENABLE_TESTABILITY = YES;
				GCC_C_LANGUAGE_STANDARD = gnu11;
				GCC_DYNAMIC_NO_PIC = NO;
				GCC_NO_COMMON_BLOCKS = YES;
				GCC_OPTIMIZATION_LEVEL = 0;
				GCC_PREPROCESSOR_DEFINITIONS = (
					"$(inherited)",
					"DEBUG=1",
				);
				GCC_WARN_64_TO_32_BIT_CONVERSION = YES;
				GCC_WARN_ABOUT_RETURN_TYPE = YES_ERROR;
				GCC_WARN_UNDECLARED_SELECTOR = YES;
				GCC_WARN_UNINITIALIZED_AUTOS = YES_AGGRESSIVE;
				GCC_WARN_UNUSED_FUNCTION = YES;
				GCC_WARN_UNUSED_VARIABLE = YES;
				IPHONEOS_DEPLOYMENT_TARGET = 17.0;
				MARKETING_VERSION = 1.0;
				MTL_ENABLE_DEBUG_INFO = INCLUDE_SOURCE;
				MTL_FAST_MATH = YES;
				ONLY_ACTIVE_ARCH = YES;
				PRODUCT_NAME = "$(TARGET_NAME)";
				SDKROOT = iphoneos;
				SWIFT_OPTIMIZATION_LEVEL = "-Onone";
				SWIFT_VERSION = 5.9;
				WATCHOS_DEPLOYMENT_TARGET = 10.0;
			};
			name = Debug;
		};
		F8F12AE40709015A350555AF /* Release */ = {
			isa = XCBuildConfiguration;
			buildSettings = {
				BUNDLE_LOADER = "$(TEST_HOST)";
				GENERATE_INFOPLIST_FILE = YES;
				IPHONEOS_DEPLOYMENT_TARGET = 17.0;
				LD_RUNPATH_SEARCH_PATHS = (
					"$(inherited)",
					"@executable_path/Frameworks",
					"@loader_path/Frameworks",
				);
				PRODUCT_BUNDLE_IDENTIFIER = com.vigor.app.tests;
				SDKROOT = iphoneos;
				SWIFT_ACTIVE_COMPILATION_CONDITIONS = "$(inherited) DEBUG FREE_PROVISIONING";
				TARGETED_DEVICE_FAMILY = "1,2";
				TEST_HOST = "$(BUILT_PRODUCTS_DIR)/Vigor.app/Vigor";
			};
			name = Release;
		};
/* End XCBuildConfiguration section */

/* Begin XCConfigurationList section */
		1215B5AD133EEA9AB19A2FAC /* Build configuration list for PBXNativeTarget "VigorTests" */ = {
			isa = XCConfigurationList;
			buildConfigurations = (
				C841A513F8231BFB2D940CB6 /* Debug */,
				F8F12AE40709015A350555AF /* Release */,
			);
			defaultConfigurationIsVisible = 0;
			defaultConfigurationName = Debug;
		};
		D88336BB21BB86F005465E6E /* Build configuration list for PBXProject "Vigor" */ = {
			isa = XCConfigurationList;
			buildConfigurations = (
				DCE6A5AE1761D9C5B1E81613 /* Debug */,
				88A41192A756824DA0AFCA6D /* Release */,
			);
			defaultConfigurationIsVisible = 0;
			defaultConfigurationName = Debug;
		};
		E596F522E19504FF2E6AD3C0 /* Build configuration list for PBXNativeTarget "Vigor" */ = {
			isa = XCConfigurationList;
			buildConfigurations = (
				A37C1C28CBA1332199B6FC77 /* Debug */,
				04E3D7823921EFB389CCF399 /* Release */,
			);
			defaultConfigurationIsVisible = 0;
			defaultConfigurationName = Debug;
		};
/* End XCConfigurationList section */
	};
	rootObject = EB48D65BC1BEFC922314E34B /* Project object */;
}
